
Microsoft Visual Studio Solution File, Format Version 12.00
# Visual Studio 2012
Project("{FAE04EC0-301F-11D3-BF4B-00C04F79EFBC}") = "CM", "CM\CM.csproj", "{36D175CF-7834-4644-B900-CA3A312D361B}"
EndProject
Global
	GlobalSection(SolutionConfigurationPlatforms) = preSolution
		Debug|Any CPU = Debug|Any CPU
		Release|Any CPU = Release|Any CPU
	EndGlobalSection
	GlobalSection(ProjectConfigurationPlatforms) = postSolution
		{36D175CF-7834-4644-B900-CA3A312D361B}.Debug|Any CPU.ActiveCfg = Debug|Any CPU
		{36D175CF-7834-4644-B900-CA3A312D361B}.Debug|Any CPU.Build.0 = Debug|Any CPU
		{36D175CF-7834-4644-B900-CA3A312D361B}.Release|Any CPU.ActiveCfg = Release|Any CPU
		{36D175CF-7834-4644-B900-CA3A312D361B}.Release|Any CPU.Build.0 = Release|Any CPU
	EndGlobalSection
	GlobalSection(SolutionProperties) = preSolution
		HideSolutionNode = FALSE
	EndGlobalSection
EndGlobal
